// !$*UTF8*$!
{
	archiveVersion = 1;
	classes = {
	};
	objectVersion = 55;
	objects = {

/* Begin PBXBuildFile section */
		04797DB926DEE01900EF6A3F /* AppDelegate.swift in Sources */ = {isa = PBXBuildFile; fileRef = 04797DB826DEE01900EF6A3F /* AppDelegate.swift */; };
		04797DBB26DEE01900EF6A3F /* SceneDelegate.swift in Sources */ = {isa = PBXBuildFile; fileRef = 04797DBA26DEE01900EF6A3F /* SceneDelegate.swift */; };
		04797DC026DEE01900EF6A3F /* Main.storyboard in Resources */ = {isa = PBXBuildFile; fileRef = 04797DBE26DEE01900EF6A3F /* Main.storyboard */; };
		04797DC226DEE01B00EF6A3F /* Assets.xcassets in Resources */ = {isa = PBXBuildFile; fileRef = 04797DC126DEE01B00EF6A3F /* Assets.xcassets */; };
		04797DC526DEE01B00EF6A3F /* LaunchScreen.storyboard in Resources */ = {isa = PBXBuildFile; fileRef = 04797DC326DEE01B00EF6A3F /* LaunchScreen.storyboard */; };
		04797DD026DEE01C00EF6A3F /* flixsterTests.swift in Sources */ = {isa = PBXBuildFile; fileRef = 04797DCF26DEE01C00EF6A3F /* flixsterTests.swift */; };
		04797DDA26DEE01C00EF6A3F /* flixsterUITests.swift in Sources */ = {isa = PBXBuildFile; fileRef = 04797DD926DEE01C00EF6A3F /* flixsterUITests.swift */; };
		04797DE726E803DA00EF6A3F /* MoviesViewController.swift in Sources */ = {isa = PBXBuildFile; fileRef = 04797DE626E803DA00EF6A3F /* MoviesViewController.swift */; };
		04797E0D26E82AC500EF6A3F /* MovieCell.swift in Sources */ = {isa = PBXBuildFile; fileRef = 04797E0C26E82AC500EF6A3F /* MovieCell.swift */; };
		04797E1026E8543000EF6A3F /* AlamofireImage in Frameworks */ = {isa = PBXBuildFile; productRef = 04797E0F26E8543000EF6A3F /* AlamofireImage */; };
		04797E1526F80FF100EF6A3F /* MovieDetailsViewController.swift in Sources */ = {isa = PBXBuildFile; fileRef = 04797E1426F80FF100EF6A3F /* MovieDetailsViewController.swift */; };
		04797E1A26F93DE400EF6A3F /* MovieGridViewController.swift in Sources */ = {isa = PBXBuildFile; fileRef = 04797E1926F93DE400EF6A3F /* MovieGridViewController.swift */; };
		04797E1C26F9430E00EF6A3F /* MovieGridCell.swift in Sources */ = {isa = PBXBuildFile; fileRef = 04797E1B26F9430E00EF6A3F /* MovieGridCell.swift */; };
		3DEAE2DA49D8B1D656A401A6 /* Pods_flixster.framework in Frameworks */ = {isa = PBXBuildFile; fileRef = 1867EB9BE4F883B03B68B1A4 /* Pods_flixster.framework */; };
		52084FC1012C04860AB364A0 /* Pods_flixsterTests.framework in Frameworks */ = {isa = PBXBuildFile; fileRef = 9B7D38B60C238E50D6AAF472 /* Pods_flixsterTests.framework */; };
		D9BBF9112800B82AD342EC8E /* Pods_flixster_flixsterUITests.framework in Frameworks */ = {isa = PBXBuildFile; fileRef = F18DFD332D29C75D0BDF06F3 /* Pods_flixster_flixsterUITests.framework */; };
/* End PBXBuildFile section */

/* Begin PBXContainerItemProxy section */
		04797DCC26DEE01C00EF6A3F /* PBXContainerItemProxy */ = {
			isa = PBXContainerItemProxy;
			containerPortal = 04797DAD26DEE01900EF6A3F /* Project object */;
			proxyType = 1;
			remoteGlobalIDString = 04797DB426DEE01900EF6A3F;
			remoteInfo = flixster;
		};
		04797DD626DEE01C00EF6A3F /* PBXContainerItemProxy */ = {
			isa = PBXContainerItemProxy;
			containerPortal = 04797DAD26DEE01900EF6A3F /* Project object */;
			proxyType = 1;
			remoteGlobalIDString = 04797DB426DEE01900EF6A3F;
			remoteInfo = flixster;
		};
/* End PBXContainerItemProxy section */

/* Begin PBXFileReference section */
		04797DB526DEE01900EF6A3F /* flixster.app */ = {isa = PBXFileReference; explicitFileType = wrapper.application; includeInIndex = 0; path = flixster.app; sourceTree = BUILT_PRODUCTS_DIR; };
		04797DB826DEE01900EF6A3F /* AppDelegate.swift */ = {isa = PBXFileReference; lastKnownFileType = sourcecode.swift; path = AppDelegate.swift; sourceTree = "<group>"; };
		04797DBA26DEE01900EF6A3F /* SceneDelegate.swift */ = {isa = PBXFileReference; lastKnownFileType = sourcecode.swift; path = SceneDelegate.swift; sourceTree = "<group>"; };
		04797DBF26DEE01900EF6A3F /* Base */ = {isa = PBXFileReference; lastKnownFileType = file.storyboard; name = Base; path = Base.lproj/Main.storyboard; sourceTree = "<group>"; };
		04797DC126DEE01B00EF6A3F /* Assets.xcassets */ = {isa = PBXFileReference; lastKnownFileType = folder.assetcatalog; path = Assets.xcassets; sourceTree = "<group>"; };
		04797DC426DEE01B00EF6A3F /* Base */ = {isa = PBXFileReference; lastKnownFileType = file.storyboard; name = Base; path = Base.lproj/LaunchScreen.storyboard; sourceTree = "<group>"; };
		04797DC626DEE01B00EF6A3F /* Info.plist */ = {isa = PBXFileReference; lastKnownFileType = text.plist.xml; path = Info.plist; sourceTree = "<group>"; };
		04797DCB26DEE01C00EF6A3F /* flixsterTests.xctest */ = {isa = PBXFileReference; explicitFileType = wrapper.cfbundle; includeInIndex = 0; path = flixsterTests.xctest; sourceTree = BUILT_PRODUCTS_DIR; };
		04797DCF26DEE01C00EF6A3F /* flixsterTests.swift */ = {isa = PBXFileReference; lastKnownFileType = sourcecode.swift; path = flixsterTests.swift; sourceTree = "<group>"; };
		04797DD526DEE01C00EF6A3F /* flixsterUITests.xctest */ = {isa = PBXFileReference; explicitFileType = wrapper.cfbundle; includeInIndex = 0; path = flixsterUITests.xctest; sourceTree = BUILT_PRODUCTS_DIR; };
		04797DD926DEE01C00EF6A3F /* flixsterUITests.swift */ = {isa = PBXFileReference; lastKnownFileType = sourcecode.swift; path = flixsterUITests.swift; sourceTree = "<group>"; };
		04797DE626E803DA00EF6A3F /* MoviesViewController.swift */ = {isa = PBXFileReference; lastKnownFileType = sourcecode.swift; path = MoviesViewController.swift; sourceTree = "<group>"; };
		04797E0C26E82AC500EF6A3F /* MovieCell.swift */ = {isa = PBXFileReference; lastKnownFileType = sourcecode.swift; path = MovieCell.swift; sourceTree = "<group>"; };
		04797E1426F80FF100EF6A3F /* MovieDetailsViewController.swift */ = {isa = PBXFileReference; lastKnownFileType = sourcecode.swift; path = MovieDetailsViewController.swift; sourceTree = "<group>"; };
		04797E1926F93DE400EF6A3F /* MovieGridViewController.swift */ = {isa = PBXFileReference; lastKnownFileType = sourcecode.swift; name = MovieGridViewController.swift; path = /Users/mac/Desktop/gitProjects/flixster/flixster/MovieGridViewController.swift; sourceTree = "<absolute>"; };
		04797E1B26F9430E00EF6A3F /* MovieGridCell.swift */ = {isa = PBXFileReference; lastKnownFileType = sourcecode.swift; path = MovieGridCell.swift; sourceTree = "<group>"; };
		0EA23BD29761CCDC076D98B6 /* Pods-flixsterTests.debug.xcconfig */ = {isa = PBXFileReference; includeInIndex = 1; lastKnownFileType = text.xcconfig; name = "Pods-flixsterTests.debug.xcconfig"; path = "Target Support Files/Pods-flixsterTests/Pods-flixsterTests.debug.xcconfig"; sourceTree = "<group>"; };
		1867EB9BE4F883B03B68B1A4 /* Pods_flixster.framework */ = {isa = PBXFileReference; explicitFileType = wrapper.framework; includeInIndex = 0; path = Pods_flixster.framework; sourceTree = BUILT_PRODUCTS_DIR; };
		3B16C8B55072B3EC365AF782 /* Pods-flixster.debug.xcconfig */ = {isa = PBXFileReference; includeInIndex = 1; lastKnownFileType = text.xcconfig; name = "Pods-flixster.debug.xcconfig"; path = "Target Support Files/Pods-flixster/Pods-flixster.debug.xcconfig"; sourceTree = "<group>"; };
		68DC38F9E2994E9F956A830B /* Pods-flixsterTests.release.xcconfig */ = {isa = PBXFileReference; includeInIndex = 1; lastKnownFileType = text.xcconfig; name = "Pods-flixsterTests.release.xcconfig"; path = "Target Support Files/Pods-flixsterTests/Pods-flixsterTests.release.xcconfig"; sourceTree = "<group>"; };
		70F421A6C0A5E51BD5F74F92 /* Pods-flixster-flixsterUITests.release.xcconfig */ = {isa = PBXFileReference; includeInIndex = 1; lastKnownFileType = text.xcconfig; name = "Pods-flixster-flixsterUITests.release.xcconfig"; path = "Target Support Files/Pods-flixster-flixsterUITests/Pods-flixster-flixsterUITests.release.xcconfig"; sourceTree = "<group>"; };
		9B7D38B60C238E50D6AAF472 /* Pods_flixsterTests.framework */ = {isa = PBXFileReference; explicitFileType = wrapper.framework; includeInIndex = 0; path = Pods_flixsterTests.framework; sourceTree = BUILT_PRODUCTS_DIR; };
		C8A682572590BEB01C211DDA /* Pods-flixster-flixsterUITests.debug.xcconfig */ = {isa = PBXFileReference; includeInIndex = 1; lastKnownFileType = text.xcconfig; name = "Pods-flixster-flixsterUITests.debug.xcconfig"; path = "Target Support Files/Pods-flixster-flixsterUITests/Pods-flixster-flixsterUITests.debug.xcconfig"; sourceTree = "<group>"; };
		F18DFD332D29C75D0BDF06F3 /* Pods_flixster_flixsterUITests.framework */ = {isa = PBXFileReference; explicitFileType = wrapper.framework; includeInIndex = 0; path = Pods_flixster_flixsterUITests.framework; sourceTree = BUILT_PRODUCTS_DIR; };
		F3435D454B56B4E10AF6425E /* Pods-flixster.release.xcconfig */ = {isa = PBXFileReference; includeInIndex = 1; lastKnownFileType = text.xcconfig; name = "Pods-flixster.release.xcconfig"; path = "Target Support Files/Pods-flixster/Pods-flixster.release.xcconfig"; sourceTree = "<group>"; };
/* End PBXFileReference section */

/* Begin PBXFrameworksBuildPhase section */
		04797DB226DEE01900EF6A3F /* Frameworks */ = {
			isa = PBXFrameworksBuildPhase;
			buildActionMask = 2147483647;
			files = (
				04797E1026E8543000EF6A3F /* AlamofireImage in Frameworks */,
				3DEAE2DA49D8B1D656A401A6 /* Pods_flixster.framework in Frameworks */,
			);
			runOnlyForDeploymentPostprocessing = 0;
		};
		04797DC826DEE01C00EF6A3F /* Frameworks */ = {
			isa = PBXFrameworksBuildPhase;
			buildActionMask = 2147483647;
			files = (
				52084FC1012C04860AB364A0 /* Pods_flixsterTests.framework in Frameworks */,
			);
			runOnlyForDeploymentPostprocessing = 0;
		};
		04797DD226DEE01C00EF6A3F /* Frameworks */ = {
			isa = PBXFrameworksBuildPhase;
			buildActionMask = 2147483647;
			files = (
				D9BBF9112800B82AD342EC8E /* Pods_flixster_flixsterUITests.framework in Frameworks */,
			);
			runOnlyForDeploymentPostprocessing = 0;
		};
/* End PBXFrameworksBuildPhase section */

/* Begin PBXGroup section */
		04797DAC26DEE01900EF6A3F = {
			isa = PBXGroup;
			children = (
				04797DB726DEE01900EF6A3F /* flixster */,
				04797DCE26DEE01C00EF6A3F /* flixsterTests */,
				04797DD826DEE01C00EF6A3F /* flixsterUITests */,
				04797DB626DEE01900EF6A3F /* Products */,
				834AFA06438EB461BBC1AECE /* Pods */,
				78078438D8A41AB94F4CDECB /* Frameworks */,
			);
			sourceTree = "<group>";
		};
		04797DB626DEE01900EF6A3F /* Products */ = {
			isa = PBXGroup;
			children = (
				04797DB526DEE01900EF6A3F /* flixster.app */,
				04797DCB26DEE01C00EF6A3F /* flixsterTests.xctest */,
				04797DD526DEE01C00EF6A3F /* flixsterUITests.xctest */,
			);
			name = Products;
			sourceTree = "<group>";
		};
		04797DB726DEE01900EF6A3F /* flixster */ = {
			isa = PBXGroup;
			children = (
				04797E1926F93DE400EF6A3F /* MovieGridViewController.swift */,
				04797E0C26E82AC500EF6A3F /* MovieCell.swift */,
				04797DB826DEE01900EF6A3F /* AppDelegate.swift */,
				04797DBA26DEE01900EF6A3F /* SceneDelegate.swift */,
				04797DBE26DEE01900EF6A3F /* Main.storyboard */,
				04797E1B26F9430E00EF6A3F /* MovieGridCell.swift */,
				04797E1426F80FF100EF6A3F /* MovieDetailsViewController.swift */,
				04797DE626E803DA00EF6A3F /* MoviesViewController.swift */,
				04797DC126DEE01B00EF6A3F /* Assets.xcassets */,
				04797DC326DEE01B00EF6A3F /* LaunchScreen.storyboard */,
				04797DC626DEE01B00EF6A3F /* Info.plist */,
			);
			path = flixster;
			sourceTree = "<group>";
		};
		04797DCE26DEE01C00EF6A3F /* flixsterTests */ = {
			isa = PBXGroup;
			children = (
				04797DCF26DEE01C00EF6A3F /* flixsterTests.swift */,
			);
			path = flixsterTests;
			sourceTree = "<group>";
		};
		04797DD826DEE01C00EF6A3F /* flixsterUITests */ = {
			isa = PBXGroup;
			children = (
				04797DD926DEE01C00EF6A3F /* flixsterUITests.swift */,
			);
			path = flixsterUITests;
			sourceTree = "<group>";
		};
		78078438D8A41AB94F4CDECB /* Frameworks */ = {
			isa = PBXGroup;
			children = (
				1867EB9BE4F883B03B68B1A4 /* Pods_flixster.framework */,
				F18DFD332D29C75D0BDF06F3 /* Pods_flixster_flixsterUITests.framework */,
				9B7D38B60C238E50D6AAF472 /* Pods_flixsterTests.framework */,
			);
			name = Frameworks;
			sourceTree = "<group>";
		};
		834AFA06438EB461BBC1AECE /* Pods */ = {
			isa = PBXGroup;
			children = (
				3B16C8B55072B3EC365AF782 /* Pods-flixster.debug.xcconfig */,
				F3435D454B56B4E10AF6425E /* Pods-flixster.release.xcconfig */,
				C8A682572590BEB01C211DDA /* Pods-flixster-flixsterUITests.debug.xcconfig */,
				70F421A6C0A5E51BD5F74F92 /* Pods-flixster-flixsterUITests.release.xcconfig */,
				0EA23BD29761CCDC076D98B6 /* Pods-flixsterTests.debug.xcconfig */,
				68DC38F9E2994E9F956A830B /* Pods-flixsterTests.release.xcconfig */,
			);
			path = Pods;
			sourceTree = "<group>";
		};
/* End PBXGroup section */

/* Begin PBXNativeTarget section */
		04797DB426DEE01900EF6A3F /* flixster */ = {
			isa = PBXNativeTarget;
			buildConfigurationList = 04797DDD26DEE01C00EF6A3F /* Build configuration list for PBXNativeTarget "flixster" */;
			buildPhases = (
				77273F4F7C7A9C13CEB58A99 /* [CP] Check Pods Manifest.lock */,
				04797DB126DEE01900EF6A3F /* Sources */,
				04797DB226DEE01900EF6A3F /* Frameworks */,
				04797DB326DEE01900EF6A3F /* Resources */,
				B886BEB332C24EF310F06AA9 /* [CP] Embed Pods Frameworks */,
			);
			buildRules = (
			);
			dependencies = (
			);
			name = flixster;
			packageProductDependencies = (
				04797E0F26E8543000EF6A3F /* AlamofireImage */,
			);
			productName = flixster;
			productReference = 04797DB526DEE01900EF6A3F /* flixster.app */;
			productType = "com.apple.product-type.application";
		};
		04797DCA26DEE01C00EF6A3F /* flixsterTests */ = {
			isa = PBXNativeTarget;
			buildConfigurationList = 04797DE026DEE01C00EF6A3F /* Build configuration list for PBXNativeTarget "flixsterTests" */;
			buildPhases = (
				43BEB4FD54663A359B6B9EA5 /* [CP] Check Pods Manifest.lock */,
				04797DC726DEE01C00EF6A3F /* Sources */,
				04797DC826DEE01C00EF6A3F /* Frameworks */,
				04797DC926DEE01C00EF6A3F /* Resources */,
			);
			buildRules = (
			);
			dependencies = (
				04797DCD26DEE01C00EF6A3F /* PBXTargetDependency */,
			);
			name = flixsterTests;
			productName = flixsterTests;
			productReference = 04797DCB26DEE01C00EF6A3F /* flixsterTests.xctest */;
			productType = "com.apple.product-type.bundle.unit-test";
		};
		04797DD426DEE01C00EF6A3F /* flixsterUITests */ = {
			isa = PBXNativeTarget;
			buildConfigurationList = 04797DE326DEE01C00EF6A3F /* Build configuration list for PBXNativeTarget "flixsterUITests" */;
			buildPhases = (
				A19DBE74C1C00DAE34A0B6B4 /* [CP] Check Pods Manifest.lock */,
				04797DD126DEE01C00EF6A3F /* Sources */,
				04797DD226DEE01C00EF6A3F /* Frameworks */,
				04797DD326DEE01C00EF6A3F /* Resources */,
				387CA4A3AADCAE4BF51620F6 /* [CP] Embed Pods Frameworks */,
			);
			buildRules = (
			);
			dependencies = (
				04797DD726DEE01C00EF6A3F /* PBXTargetDependency */,
			);
			name = flixsterUITests;
			productName = flixsterUITests;
			productReference = 04797DD526DEE01C00EF6A3F /* flixsterUITests.xctest */;
			productType = "com.apple.product-type.bundle.ui-testing";
		};
/* End PBXNativeTarget section */

/* Begin PBXProject section */
		04797DAD26DEE01900EF6A3F /* Project object */ = {
			isa = PBXProject;
			attributes = {
				BuildIndependentTargetsInParallel = 1;
				LastSwiftUpdateCheck = 1300;
				LastUpgradeCheck = 1300;
				TargetAttributes = {
					04797DB426DEE01900EF6A3F = {
						CreatedOnToolsVersion = 13.0;
					};
					04797DCA26DEE01C00EF6A3F = {
						CreatedOnToolsVersion = 13.0;
						TestTargetID = 04797DB426DEE01900EF6A3F;
					};
					04797DD426DEE01C00EF6A3F = {
						CreatedOnToolsVersion = 13.0;
						TestTargetID = 04797DB426DEE01900EF6A3F;
					};
				};
			};
			buildConfigurationList = 04797DB026DEE01900EF6A3F /* Build configuration list for PBXProject "flixster" */;
			compatibilityVersion = "Xcode 13.0";
			developmentRegion = en;
			hasScannedForEncodings = 0;
			knownRegions = (
				en,
				Base,
			);
			mainGroup = 04797DAC26DEE01900EF6A3F;
			packageReferences = (
				04797E0E26E8543000EF6A3F /* XCRemoteSwiftPackageReference "AlamofireImage" */,
			);
			productRefGroup = 04797DB626DEE01900EF6A3F /* Products */;
			projectDirPath = "";
			projectRoot = "";
			targets = (
				04797DB426DEE01900EF6A3F /* flixster */,
				04797DCA26DEE01C00EF6A3F /* flixsterTests */,
				04797DD426DEE01C00EF6A3F /* flixsterUITests */,
			);
		};
/* End PBXProject section */

/* Begin PBXResourcesBuildPhase section */
		04797DB326DEE01900EF6A3F /* Resources */ = {
			isa = PBXResourcesBuildPhase;
			buildActionMask = 2147483647;
			files = (
				04797DC526DEE01B00EF6A3F /* LaunchScreen.storyboard in Resources */,
				04797DC226DEE01B00EF6A3F /* Assets.xcassets in Resources */,
				04797DC026DEE01900EF6A3F /* Main.storyboard in Resources */,
			);
			runOnlyForDeploymentPostprocessing = 0;
		};
		04797DC926DEE01C00EF6A3F /* Resources */ = {
			isa = PBXResourcesBuildPhase;
			buildActionMask = 2147483647;
			files = (
			);
			runOnlyForDeploymentPostprocessing = 0;
		};
		04797DD326DEE01C00EF6A3F /* Resources */ = {
			isa = PBXResourcesBuildPhase;
			buildActionMask = 2147483647;
			files = (
			);
			runOnlyForDeploymentPostprocessing = 0;
		};
/* End PBXResourcesBuildPhase section */

/* Begin PBXShellScriptBuildPhase section */
		387CA4A3AADCAE4BF51620F6 /* [CP] Embed Pods Frameworks */ = {
			isa = PBXShellScriptBuildPhase;
			buildActionMask = 2147483647;
			files = (
			);
			inputFileListPaths = (
				"${PODS_ROOT}/Target Support Files/Pods-flixster-flixsterUITests/Pods-flixster-flixsterUITests-frameworks-${CONFIGURATION}-input-files.xcfilelist",
			);
			name = "[CP] Embed Pods Frameworks";
			outputFileListPaths = (
				"${PODS_ROOT}/Target Support Files/Pods-flixster-flixsterUITests/Pods-flixster-flixsterUITests-frameworks-${CONFIGURATION}-output-files.xcfilelist",
			);
			runOnlyForDeploymentPostprocessing = 0;
			shellPath = /bin/sh;
			shellScript = "\"${PODS_ROOT}/Target Support Files/Pods-flixster-flixsterUITests/Pods-flixster-flixsterUITests-frameworks.sh\"\n";
			showEnvVarsInLog = 0;
		};
		43BEB4FD54663A359B6B9EA5 /* [CP] Check Pods Manifest.lock */ = {
			isa = PBXShellScriptBuildPhase;
			buildActionMask = 2147483647;
			files = (
			);
			inputFileListPaths = (
			);
			inputPaths = (
				"${PODS_PODFILE_DIR_PATH}/Podfile.lock",
				"${PODS_ROOT}/Manifest.lock",
			);
			name = "[CP] Check Pods Manifest.lock";
			outputFileListPaths = (
			);
			outputPaths = (
				"$(DERIVED_FILE_DIR)/Pods-flixsterTests-checkManifestLockResult.txt",
			);
			runOnlyForDeploymentPostprocessing = 0;
			shellPath = /bin/sh;
			shellScript = "diff \"${PODS_PODFILE_DIR_PATH}/Podfile.lock\" \"${PODS_ROOT}/Manifest.lock\" > /dev/null\nif [ $? != 0 ] ; then\n    # print error to STDERR\n    echo \"error: The sandbox is not in sync with the Podfile.lock. Run 'pod install' or update your CocoaPods installation.\" >&2\n    exit 1\nfi\n# This output is used by Xcode 'outputs' to avoid re-running this script phase.\necho \"SUCCESS\" > \"${SCRIPT_OUTPUT_FILE_0}\"\n";
			showEnvVarsInLog = 0;
		};
		77273F4F7C7A9C13CEB58A99 /* [CP] Check Pods Manifest.lock */ = {
			isa = PBXShellScriptBuildPhase;
			buildActionMask = 2147483647;
			files = (
			);
			inputFileListPaths = (
			);
			inputPaths = (
				"${PODS_PODFILE_DIR_PATH}/Podfile.lock",
				"${PODS_ROOT}/Manifest.lock",
			);
			name = "[CP] Check Pods Manifest.lock";
			outputFileListPaths = (
			);
			outputPaths = (
				"$(DERIVED_FILE_DIR)/Pods-flixster-checkManifestLockResult.txt",
			);
			runOnlyForDeploymentPostprocessing = 0;
			shellPath = /bin/sh;
			shellScript = "diff \"${PODS_PODFILE_DIR_PATH}/Podfile.lock\" \"${PODS_ROOT}/Manifest.lock\" > /dev/null\nif [ $? != 0 ] ; then\n    # print error to STDERR\n    echo \"error: The sandbox is not in sync with the Podfile.lock. Run 'pod install' or update your CocoaPods installation.\" >&2\n    exit 1\nfi\n# This output is used by Xcode 'outputs' to avoid re-running this script phase.\necho \"SUCCESS\" > \"${SCRIPT_OUTPUT_FILE_0}\"\n";
			showEnvVarsInLog = 0;
		};
		A19DBE74C1C00DAE34A0B6B4 /* [CP] Check Pods Manifest.lock */ = {
			isa = PBXShellScriptBuildPhase;
			buildActionMask = 2147483647;
			files = (
			);
			inputFileListPaths = (
			);
			inputPaths = (
				"${PODS_PODFILE_DIR_PATH}/Podfile.lock",
				"${PODS_ROOT}/Manifest.lock",
			);
			name = "[CP] Check Pods Manifest.lock";
			outputFileListPaths = (
			);
			outputPaths = (
				"$(DERIVED_FILE_DIR)/Pods-flixster-flixsterUITests-checkManifestLockResult.txt",
			);
			runOnlyForDeploymentPostprocessing = 0;
			shellPath = /bin/sh;
			shellScript = "diff \"${PODS_PODFILE_DIR_PATH}/Podfile.lock\" \"${PODS_ROOT}/Manifest.lock\" > /dev/null\nif [ $? != 0 ] ; then\n    # print error to STDERR\n    echo \"error: The sandbox is not in sync with the Podfile.lock. Run 'pod install' or update your CocoaPods installation.\" >&2\n    exit 1\nfi\n# This output is used by Xcode 'outputs' to avoid re-running this script phase.\necho \"SUCCESS\" > \"${SCRIPT_OUTPUT_FILE_0}\"\n";
			showEnvVarsInLog = 0;
		};
		B886BEB332C24EF310F06AA9 /* [CP] Embed Pods Frameworks */ = {
			isa = PBXShellScriptBuildPhase;
			buildActionMask = 2147483647;
			files = (
			);
			inputFileListPaths = (
				"${PODS_ROOT}/Target Support Files/Pods-flixster/Pods-flixster-frameworks-${CONFIGURATION}-input-files.xcfilelist",
			);
			name = "[CP] Embed Pods Frameworks";
			outputFileListPaths = (
				"${PODS_ROOT}/Target Support Files/Pods-flixster/Pods-flixster-frameworks-${CONFIGURATION}-output-files.xcfilelist",
			);
			runOnlyForDeploymentPostprocessing = 0;
			shellPath = /bin/sh;
			shellScript = "\"${PODS_ROOT}/Target Support Files/Pods-flixster/Pods-flixster-frameworks.sh\"\n";
			showEnvVarsInLog = 0;
		};
/* End PBXShellScriptBuildPhase section */

/* Begin PBXSourcesBuildPhase section */
		04797DB126DEE01900EF6A3F /* Sources */ = {
			isa = PBXSourcesBuildPhase;
			buildActionMask = 2147483647;
			files = (
				04797E1526F80FF100EF6A3F /* MovieDetailsViewController.swift in Sources */,
				04797DB926DEE01900EF6A3F /* AppDelegate.swift in Sources */,
				04797DBB26DEE01900EF6A3F /* SceneDelegate.swift in Sources */,
				04797E0D26E82AC500EF6A3F /* MovieCell.swift in Sources */,
				04797DE726E803DA00EF6A3F /* MoviesViewController.swift in Sources */,
				04797E1A26F93DE400EF6A3F /* MovieGridViewController.swift in Sources */,
				04797E1C26F9430E00EF6A3F /* MovieGridCell.swift in Sources */,
			);
			runOnlyForDeploymentPostprocessing = 0;
		};
		04797DC726DEE01C00EF6A3F /* Sources */ = {
			isa = PBXSourcesBuildPhase;
			buildActionMask = 2147483647;
			files = (
				04797DD026DEE01C00EF6A3F /* flixsterTests.swift in Sources */,
			);
			runOnlyForDeploymentPostprocessing = 0;
		};
		04797DD126DEE01C00EF6A3F /* Sources */ = {
			isa = PBXSourcesBuildPhase;
			buildActionMask = 2147483647;
			files = (
				04797DDA26DEE01C00EF6A3F /* flixsterUITests.swift in Sources */,
			);
			runOnlyForDeploymentPostprocessing = 0;
		};
/* End PBXSourcesBuildPhase section */

/* Begin PBXTargetDependency section */
		04797DCD26DEE01C00EF6A3F /* PBXTargetDependency */ = {
			isa = PBXTargetDependency;
			target = 04797DB426DEE01900EF6A3F /* flixster */;
			targetProxy = 04797DCC26DEE01C00EF6A3F /* PBXContainerItemProxy */;
		};
		04797DD726DEE01C00EF6A3F /* PBXTargetDependency */ = {
			isa = PBXTargetDependency;
			target = 04797DB426DEE01900EF6A3F /* flixster */;
			targetProxy = 04797DD626DEE01C00EF6A3F /* PBXContainerItemProxy */;
		};
/* End PBXTargetDependency section */

/* Begin PBXVariantGroup section */
		04797DBE26DEE01900EF6A3F /* Main.storyboard */ = {
			isa = PBXVariantGroup;
			children = (
				04797DBF26DEE01900EF6A3F /* Base */,
			);
			name = Main.storyboard;
			sourceTree = "<group>";
		};
		04797DC326DEE01B00EF6A3F /* LaunchScreen.storyboard */ = {
			isa = PBXVariantGroup;
			children = (
				04797DC426DEE01B00EF6A3F /* Base */,
			);
			name = LaunchScreen.storyboard;
			sourceTree = "<group>";
		};
/* End PBXVariantGroup section */

/* Begin XCBuildConfiguration section */
		04797DDB26DEE01C00EF6A3F /* Debug */ = {
			isa = XCBuildConfiguration;
			buildSettings = {
				ALWAYS_SEARCH_USER_PATHS = NO;
				CLANG_ANALYZER_NONNULL = YES;
				CLANG_ANALYZER_NUMBER_OBJECT_CONVERSION = YES_AGGRESSIVE;
				CLANG_CXX_LANGUAGE_STANDARD = "gnu++17";
				CLANG_CXX_LIBRARY = "libc++";
				CLANG_ENABLE_MODULES = YES;
				CLANG_ENABLE_OBJC_ARC = YES;
				CLANG_ENABLE_OBJC_WEAK = YES;
				CLANG_WARN_BLOCK_CAPTURE_AUTORELEASING = YES;
				CLANG_WARN_BOOL_CONVERSION = YES;
				CLANG_WARN_COMMA = YES;
				CLANG_WARN_CONSTANT_CONVERSION = YES;
				CLANG_WARN_DEPRECATED_OBJC_IMPLEMENTATIONS = YES;
				CLANG_WARN_DIRECT_OBJC_ISA_USAGE = YES_ERROR;
				CLANG_WARN_DOCUMENTATION_COMMENTS = YES;
				CLANG_WARN_EMPTY_BODY = YES;
				CLANG_WARN_ENUM_CONVERSION = YES;
				CLANG_WARN_INFINITE_RECURSION = YES;
				CLANG_WARN_INT_CONVERSION = YES;
				CLANG_WARN_NON_LITERAL_NULL_CONVERSION = YES;
				CLANG_WARN_OBJC_IMPLICIT_RETAIN_SELF = YES;
				CLANG_WARN_OBJC_LITERAL_CONVERSION = YES;
				CLANG_WARN_OBJC_ROOT_CLASS = YES_ERROR;
				CLANG_WARN_QUOTED_INCLUDE_IN_FRAMEWORK_HEADER = YES;
				CLANG_WARN_RANGE_LOOP_ANALYSIS = YES;
				CLANG_WARN_STRICT_PROTOTYPES = YES;
				CLANG_WARN_SUSPICIOUS_MOVE = YES;
				CLANG_WARN_UNGUARDED_AVAILABILITY = YES_AGGRESSIVE;
				CLANG_WARN_UNREACHABLE_CODE = YES;
				CLANG_WARN__DUPLICATE_METHOD_MATCH = YES;
				COPY_PHASE_STRIP = NO;
				DEBUG_INFORMATION_FORMAT = dwarf;
				ENABLE_STRICT_OBJC_MSGSEND = YES;
				ENABLE_TESTABILITY = YES;
				GCC_C_LANGUAGE_STANDARD = gnu11;
				GCC_DYNAMIC_NO_PIC = NO;
				GCC_NO_COMMON_BLOCKS = YES;
				GCC_OPTIMIZATION_LEVEL = 0;
				GCC_PREPROCESSOR_DEFINITIONS = (
					"DEBUG=1",
					"$(inherited)",
				);
				GCC_WARN_64_TO_32_BIT_CONVERSION = YES;
				GCC_WARN_ABOUT_RETURN_TYPE = YES_ERROR;
				GCC_WARN_UNDECLARED_SELECTOR = YES;
				GCC_WARN_UNINITIALIZED_AUTOS = YES_AGGRESSIVE;
				GCC_WARN_UNUSED_FUNCTION = YES;
				GCC_WARN_UNUSED_VARIABLE = YES;
				IPHONEOS_DEPLOYMENT_TARGET = 15.0;
				MTL_ENABLE_DEBUG_INFO = INCLUDE_SOURCE;
				MTL_FAST_MATH = YES;
				ONLY_ACTIVE_ARCH = YES;
				SDKROOT = iphoneos;
				SWIFT_ACTIVE_COMPILATION_CONDITIONS = DEBUG;
				SWIFT_OPTIMIZATION_LEVEL = "-Onone";
			};
			name = Debug;
		};
		04797DDC26DEE01C00EF6A3F /* Release */ = {
			isa = XCBuildConfiguration;
			buildSettings = {
				ALWAYS_SEARCH_USER_PATHS = NO;
				CLANG_ANALYZER_NONNULL = YES;
				CLANG_ANALYZER_NUMBER_OBJECT_CONVERSION = YES_AGGRESSIVE;
				CLANG_CXX_LANGUAGE_STANDARD = "gnu++17";
				CLANG_CXX_LIBRARY = "libc++";
				CLANG_ENABLE_MODULES = YES;
				CLANG_ENABLE_OBJC_ARC = YES;
				CLANG_ENABLE_OBJC_WEAK = YES;
				CLANG_WARN_BLOCK_CAPTURE_AUTORELEASING = YES;
				CLANG_WARN_BOOL_CONVERSION = YES;
				CLANG_WARN_COMMA = YES;
				CLANG_WARN_CONSTANT_CONVERSION = YES;
				CLANG_WARN_DEPRECATED_OBJC_IMPLEMENTATIONS = YES;
				CLANG_WARN_DIRECT_OBJC_ISA_USAGE = YES_ERROR;
				CLANG_WARN_DOCUMENTATION_COMMENTS = YES;
				CLANG_WARN_EMPTY_BODY = YES;
				CLANG_WARN_ENUM_CONVERSION = YES;
				CLANG_WARN_INFINITE_RECURSION = YES;
				CLANG_WARN_INT_CONVERSION = YES;
				CLANG_WARN_NON_LITERAL_NULL_CONVERSION = YES;
				CLANG_WARN_OBJC_IMPLICIT_RETAIN_SELF = YES;
				CLANG_WARN_OBJC_LITERAL_CONVERSION = YES;
				CLANG_WARN_OBJC_ROOT_CLASS = YES_ERROR;
				CLANG_WARN_QUOTED_INCLUDE_IN_FRAMEWORK_HEADER = YES;
				CLANG_WARN_RANGE_LOOP_ANALYSIS = YES;
				CLANG_WARN_STRICT_PROTOTYPES = YES;
				CLANG_WARN_SUSPICIOUS_MOVE = YES;
				CLANG_WARN_UNGUARDED_AVAILABILITY = YES_AGGRESSIVE;
				CLANG_WARN_UNREACHABLE_CODE = YES;
				CLANG_WARN__DUPLICATE_METHOD_MATCH = YES;
				COPY_PHASE_STRIP = NO;
				DEBUG_INFORMATION_FORMAT = "dwarf-with-dsym";
				ENABLE_NS_ASSERTIONS = NO;
				ENABLE_STRICT_OBJC_MSGSEND = YES;
				GCC_C_LANGUAGE_STANDARD = gnu11;
				GCC_NO_COMMON_BLOCKS = YES;
				GCC_WARN_64_TO_32_BIT_CONVERSION = YES;
				GCC_WARN_ABOUT_RETURN_TYPE = YES_ERROR;
				GCC_WARN_UNDECLARED_SELECTOR = YES;
				GCC_WARN_UNINITIALIZED_AUTOS = YES_AGGRESSIVE;
				GCC_WARN_UNUSED_FUNCTION = YES;
				GCC_WARN_UNUSED_VARIABLE = YES;
				IPHONEOS_DEPLOYMENT_TARGET = 15.0;
				MTL_ENABLE_DEBUG_INFO = NO;
				MTL_FAST_MATH = YES;
				SDKROOT = iphoneos;
				SWIFT_COMPILATION_MODE = wholemodule;
				SWIFT_OPTIMIZATION_LEVEL = "-O";
				VALIDATE_PRODUCT = YES;
			};
			name = Release;
		};
		04797DDE26DEE01C00EF6A3F /* Debug */ = {
			isa = XCBuildConfiguration;
			baseConfigurationReference = 3B16C8B55072B3EC365AF782 /* Pods-flixster.debug.xcconfig */;
			buildSettings = {
				ASSETCATALOG_COMPILER_APPICON_NAME = AppIcon;
				ASSETCATALOG_COMPILER_GLOBAL_ACCENT_COLOR_NAME = AccentColor;
				CODE_SIGN_STYLE = Automatic;
				CURRENT_PROJECT_VERSION = 1;
				GENERATE_INFOPLIST_FILE = YES;
				INFOPLIST_FILE = flixster/Info.plist;
				INFOPLIST_KEY_UIApplicationSupportsIndirectInputEvents = YES;
				INFOPLIST_KEY_UILaunchStoryboardName = LaunchScreen;
				INFOPLIST_KEY_UIMainStoryboardFile = Main;
				INFOPLIST_KEY_UISupportedInterfaceOrientations_iPad = "UIInterfaceOrientationPortrait UIInterfaceOrientationPortraitUpsideDown UIInterfaceOrientationLandscapeLeft UIInterfaceOrientationLandscapeRight";
				INFOPLIST_KEY_UISupportedInterfaceOrientations_iPhone = "UIInterfaceOrientationPortrait UIInterfaceOrientationLandscapeLeft UIInterfaceOrientationLandscapeRight";
				LD_RUNPATH_SEARCH_PATHS = (
					"$(inherited)",
					"@executable_path/Frameworks",
				);
				MARKETING_VERSION = 1.0;
				PRODUCT_BUNDLE_IDENTIFIER = com.codepath.flixster;
				PRODUCT_NAME = "$(TARGET_NAME)";
				SWIFT_EMIT_LOC_STRINGS = YES;
				SWIFT_VERSION = 5.0;
				TARGETED_DEVICE_FAMILY = "1,2";
			};
			name = Debug;
		};
		04797DDF26DEE01C00EF6A3F /* Release */ = {
			isa = XCBuildConfiguration;
			baseConfigurationReference = F3435D454B56B4E10AF6425E /* Pods-flixster.release.xcconfig */;
			buildSettings = {
				ASSETCATALOG_COMPILER_APPICON_NAME = AppIcon;
				ASSETCATALOG_COMPILER_GLOBAL_ACCENT_COLOR_NAME = AccentColor;
				CODE_SIGN_STYLE = Automatic;
				CURRENT_PROJECT_VERSION = 1;
				GENERATE_INFOPLIST_FILE = YES;
				INFOPLIST_FILE = flixster/Info.plist;
				INFOPLIST_KEY_UIApplicationSupportsIndirectInputEvents = YES;
				INFOPLIST_KEY_UILaunchStoryboardName = LaunchScreen;
				INFOPLIST_KEY_UIMainStoryboardFile = Main;
				INFOPLIST_KEY_UISupportedInterfaceOrientations_iPad = "UIInterfaceOrientationPortrait UIInterfaceOrientationPortraitUpsideDown UIInterfaceOrientationLandscapeLeft UIInterfaceOrientationLandscapeRight";
				INFOPLIST_KEY_UISupportedInterfaceOrientations_iPhone = "UIInterfaceOrientationPortrait UIInterfaceOrientationLandscapeLeft UIInterfaceOrientationLandscapeRight";
				LD_RUNPATH_SEARCH_PATHS = (
					"$(inherited)",
					"@executable_path/Frameworks",
				);
				MARKETING_VERSION = 1.0;
				PRODUCT_BUNDLE_IDENTIFIER = com.codepath.flixster;
				PRODUCT_NAME = "$(TARGET_NAME)";
				SWIFT_EMIT_LOC_STRINGS = YES;
				SWIFT_VERSION = 5.0;
				TARGETED_DEVICE_FAMILY = "1,2";
			};
			name = Release;
		};
		04797DE126DEE01C00EF6A3F /* Debug */ = {
			isa = XCBuildConfiguration;
			baseConfigurationReference = 0EA23BD29761CCDC076D98B6 /* Pods-flixsterTests.debug.xcconfig */;
			buildSettings = {
				ALWAYS_EMBED_SWIFT_STANDARD_LIBRARIES = YES;
				BUNDLE_LOADER = "$(TEST_HOST)";
				CODE_SIGN_STYLE = Automatic;
				CURRENT_PROJECT_VERSION = 1;
				GENERATE_INFOPLIST_FILE = YES;
				IPHONEOS_DEPLOYMENT_TARGET = 15.0;
				LD_RUNPATH_SEARCH_PATHS = (
					"$(inherited)",
					"@executable_path/Frameworks",
					"@loader_path/Frameworks",
				);
				MARKETING_VERSION = 1.0;
				PRODUCT_BUNDLE_IDENTIFIER = adrian.noa91.flixsterTests;
				PRODUCT_NAME = "$(TARGET_NAME)";
				SWIFT_EMIT_LOC_STRINGS = NO;
				SWIFT_VERSION = 5.0;
				TARGETED_DEVICE_FAMILY = "1,2";
				TEST_HOST = "$(BUILT_PRODUCTS_DIR)/flixster.app/flixster";
			};
			name = Debug;
		};
		04797DE226DEE01C00EF6A3F /* Release */ = {
			isa = XCBuildConfiguration;
			baseConfigurationReference = 68DC38F9E2994E9F956A830B /* Pods-flixsterTests.release.xcconfig */;
			buildSettings = {
				ALWAYS_EMBED_SWIFT_STANDARD_LIBRARIES = YES;
				BUNDLE_LOADER = "$(TEST_HOST)";
				CODE_SIGN_STYLE = Automatic;
				CURRENT_PROJECT_VERSION = 1;
				GENERATE_INFOPLIST_FILE = YES;
				IPHONEOS_DEPLOYMENT_TARGET = 15.0;
				LD_RUNPATH_SEARCH_PATHS = (
					"$(inherited)",
					"@executable_path/Frameworks",
					"@loader_path/Frameworks",
				);
				MARKETING_VERSION = 1.0;
				PRODUCT_BUNDLE_IDENTIFIER = adrian.noa91.flixsterTests;
				PRODUCT_NAME = "$(TARGET_NAME)";
				SWIFT_EMIT_LOC_STRINGS = NO;
				SWIFT_VERSION = 5.0;
				TARGETED_DEVICE_FAMILY = "1,2";
				TEST_HOST = "$(BUILT_PRODUCTS_DIR)/flixster.app/flixster";
			};
			name = Release;
		};
		04797DE426DEE01C00EF6A3F /* Debug */ = {
			isa = XCBuildConfiguration;
			baseConfigurationReference = C8A682572590BEB01C211DDA /* Pods-flixster-flixsterUITests.debug.xcconfig */;
			buildSettings = {
				ALWAYS_EMBED_SWIFT_STANDARD_LIBRARIES = YES;
				CODE_SIGN_STYLE = Automatic;
				CURRENT_PROJECT_VERSION = 1;
				GENERATE_INFOPLIST_FILE = YES;
				LD_RUNPATH_SEARCH_PATHS = (
					"$(inherited)",
					"@executable_path/Frameworks",
					"@loader_path/Frameworks",
				);
				MARKETING_VERSION = 1.0;
				PRODUCT_BUNDLE_IDENTIFIER = adrian.noa91.flixsterUITests;
				PRODUCT_NAME = "$(TARGET_NAME)";
				SWIFT_EMIT_LOC_STRINGS = NO;
				SWIFT_VERSION = 5.0;
				TARGETED_DEVICE_FAMILY = "1,2";
				TEST_TARGET_NAME = flixster;
			};
			name = Debug;
		};
		04797DE526DEE01C00EF6A3F /* Release */ = {
			isa = XCBuildConfiguration;
			baseConfigurationReference = 70F421A6C0A5E51BD5F74F92 /* Pods-flixster-flixsterUITests.release.xcconfig */;
			buildSettings = {
				ALWAYS_EMBED_SWIFT_STANDARD_LIBRARIES = YES;
				CODE_SIGN_STYLE = Automatic;
				CURRENT_PROJECT_VERSION = 1;
				GENERATE_INFOPLIST_FILE = YES;
				LD_RUNPATH_SEARCH_PATHS = (
					"$(inherited)",
					"@executable_path/Frameworks",
					"@loader_path/Frameworks",
				);
				MARKETING_VERSION = 1.0;
				PRODUCT_BUNDLE_IDENTIFIER = adrian.noa91.flixsterUITests;
				PRODUCT_NAME = "$(TARGET_NAME)";
				SWIFT_EMIT_LOC_STRINGS = NO;
				SWIFT_VERSION = 5.0;
				TARGETED_DEVICE_FAMILY = "1,2";
				TEST_TARGET_NAME = flixster;
			};
			name = Release;
		};
/* End XCBuildConfiguration section */

/* Begin XCConfigurationList section */
		04797DB026DEE01900EF6A3F /* Build configuration list for PBXProject "flixster" */ = {
			isa = XCConfigurationList;
			buildConfigurations = (
				04797DDB26DEE01C00EF6A3F /* Debug */,
				04797DDC26DEE01C00EF6A3F /* Release */,
			);
			defaultConfigurationIsVisible = 0;
			defaultConfigurationName = Release;
		};
		04797DDD26DEE01C00EF6A3F /* Build configuration list for PBXNativeTarget "flixster" */ = {
			isa = XCConfigurationList;
			buildConfigurations = (
				04797DDE26DEE01C00EF6A3F /* Debug */,
				04797DDF26DEE01C00EF6A3F /* Release */,
			);
			defaultConfigurationIsVisible = 0;
			defaultConfigurationName = Release;
		};
		04797DE026DEE01C00EF6A3F /* Build configuration list for PBXNativeTarget "flixsterTests" */ = {
			isa = XCConfigurationList;
			buildConfigurations = (
				04797DE126DEE01C00EF6A3F /* Debug */,
				04797DE226DEE01C00EF6A3F /* Release */,
			);
			defaultConfigurationIsVisible = 0;
			defaultConfigurationName = Release;
		};
		04797DE326DEE01C00EF6A3F /* Build configuration list for PBXNativeTarget "flixsterUITests" */ = {
			isa = XCConfigurationList;
			buildConfigurations = (
				04797DE426DEE01C00EF6A3F /* Debug */,
				04797DE526DEE01C00EF6A3F /* Release */,
			);
			defaultConfigurationIsVisible = 0;
			defaultConfigurationName = Release;
		};
/* End XCConfigurationList section */

/* Begin XCRemoteSwiftPackageReference section */
		04797E0E26E8543000EF6A3F /* XCRemoteSwiftPackageReference "AlamofireImage" */ = {
			isa = XCRemoteSwiftPackageReference;
			repositoryURL = "https://github.com/Alamofire/AlamofireImage";
			requirement = {
				kind = upToNextMajorVersion;
				minimumVersion = 4.0.0;
			};
		};
/* End XCRemoteSwiftPackageReference section */

/* Begin XCSwiftPackageProductDependency section */
		04797E0F26E8543000EF6A3F /* AlamofireImage */ = {
			isa = XCSwiftPackageProductDependency;
			package = 04797E0E26E8543000EF6A3F /* XCRemoteSwiftPackageReference "AlamofireImage" */;
			productName = AlamofireImage;
		};
/* End XCSwiftPackageProductDependency section */
	};
	rootObject = 04797DAD26DEE01900EF6A3F /* Project object */;
}
